{
  "lockfileVersion": 1,
  "workspaces": {
    "": {
      "name": "discussions-playground",
      "devDependencies": {
        "@biomejs/biome": "2.0.0-beta.4",
        "@types/bun": "latest",
      },
      "peerDependencies": {
        "typescript": "^5",
      },
    },
  },
  "packages": {
    "@biomejs/biome": ["@biomejs/biome@2.0.0-beta.4", "", { "optionalDependencies": { "@biomejs/cli-darwin-arm64": "2.0.0-beta.4", "@biomejs/cli-darwin-x64": "2.0.0-beta.4", "@biomejs/cli-linux-arm64": "2.0.0-beta.4", "@biomejs/cli-linux-arm64-musl": "2.0.0-beta.4", "@biomejs/cli-linux-x64": "2.0.0-beta.4", "@biomejs/cli-linux-x64-musl": "2.0.0-beta.4", "@biomejs/cli-win32-arm64": "2.0.0-beta.4", "@biomejs/cli-win32-x64": "2.0.0-beta.4" }, "bin": { "biome": "bin/biome" } }, "sha512-xKdyKTTveVfNthvoyNPEsp+PXU3Iz1n4wgTQKWBEdqxgw4JpQ/W7gBBiLqjVtegEBCc4+sAp+MOA2UH9Tqfxpg=="],

    "@biomejs/cli-darwin-arm64": ["@biomejs/cli-darwin-arm64@2.0.0-beta.4", "", { "os": "darwin", "cpu": "arm64" }, "sha512-gELCMhP72d2ADWBev3Fc11YO9j7LdfMBGrPetwWtsYSNMiqP/ww5rXxHkodqu/J63PSw0M8oGJ1slZbF4QsuRA=="],

    "@biomejs/cli-darwin-x64": ["@biomejs/cli-darwin-x64@2.0.0-beta.4", "", { "os": "darwin", "cpu": "x64" }, "sha512-OnbNtCoG+Vhh3xuQcxnbeg1e54eBlyH6bhNc+7i2HS+diC3ntOtBttkV5menBzabktEGrE0d0L9ftwzuCL0zwQ=="],

    "@biomejs/cli-linux-arm64": ["@biomejs/cli-linux-arm64@2.0.0-beta.4", "", { "os": "linux", "cpu": "arm64" }, "sha512-IzSohzD68di/uoGzXMK9B8gJrhU7v2czPCJOLuZH1WgRmK4ejUzaGyi1JpNpFlP1mRtfAWfbJkYP57BUD+4mSA=="],

    "@biomejs/cli-linux-arm64-musl": ["@biomejs/cli-linux-arm64-musl@2.0.0-beta.4", "", { "os": "linux", "cpu": "arm64" }, "sha512-wZWLwJu/rwG5Z791lyhJI3Cu5JdkzIddU0wrIygFbYOIu4KyGPYIzAWX33HgtlmNfH0hVxByUke3J1Szzx9CjQ=="],

    "@biomejs/cli-linux-x64": ["@biomejs/cli-linux-x64@2.0.0-beta.4", "", { "os": "linux", "cpu": "x64" }, "sha512-71NQPwTg9T/p/cE/k6P7tCBJmeg8vR1+bP4w6ADBT55SVL4pSEyaOsZ3LDIUrV5jkISh8UQsuwxy9F29pHpeqg=="],

    "@biomejs/cli-linux-x64-musl": ["@biomejs/cli-linux-x64-musl@2.0.0-beta.4", "", { "os": "linux", "cpu": "x64" }, "sha512-OX6qS1jUYmk6+VtV1XWyDj2z5RS13JFv6ujEXLq1a3Cn86nzN5v/Dw/MuZYko3zAJ4BDNwlbNztvFVxmL1uWiA=="],

    "@biomejs/cli-win32-arm64": ["@biomejs/cli-win32-arm64@2.0.0-beta.4", "", { "os": "win32", "cpu": "arm64" }, "sha512-SBYQqhJ19EcPbGshEd8k98du9gbfBFUqbmgqnTT/METPn+WyqIEnYcWLudjd+ujYHuMHYpXqSYxh+NYfL331eg=="],

    "@biomejs/cli-win32-x64": ["@biomejs/cli-win32-x64@2.0.0-beta.4", "", { "os": "win32", "cpu": "x64" }, "sha512-2eGsMOwtm8mvicKMkegV2DW2EH0vQPF0Skt9n4enoFk8ABFtoxherTG8Us1fwlBrk9tA7gcshrdUilu35BmZdA=="],

    "@types/bun": ["@types/bun@1.2.13", "", { "dependencies": { "bun-types": "1.2.13" } }, "sha512-u6vXep/i9VBxoJl3GjZsl/BFIsvML8DfVDO0RYLEwtSZSp981kEO1V5NwRcO1CPJ7AmvpbnDCiMKo3JvbDEjAg=="],

    "@types/node": ["@types/node@22.15.18", "", { "dependencies": { "undici-types": "~6.21.0" } }, "sha512-v1DKRfUdyW+jJhZNEI1PYy29S2YRxMV5AOO/x/SjKmW0acCIOqmbj6Haf9eHAhsPmrhlHSxEhv/1WszcLWV4cg=="],

    "bun-types": ["bun-types@1.2.13", "", { "dependencies": { "@types/node": "*" } }, "sha512-rRjA1T6n7wto4gxhAO/ErZEtOXyEZEmnIHQfl0Dt1QQSB4QV0iP6BZ9/YB5fZaHFQ2dwHFrmPaRQ9GGMX01k9Q=="],

    "typescript": ["typescript@5.8.3", "", { "bin": { "tsc": "bin/tsc", "tsserver": "bin/tsserver" } }, "sha512-p1diW6TqL9L07nNxvRMM7hMMw4c5XOo/1ibL4aAIGmSAt9slTE1Xgw5KWuof2uTOvCg9BY7ZRi+GaF+7sfgPeQ=="],

    "undici-types": ["undici-types@6.21.0", "", {}, "sha512-iwDZqg0QAGrg9Rav5H4n0M64c3mkR59cJ6wQp+7C4nI0gsmExaedaYLNO44eT4AtBBwjbTiGPMlt2Md0T9H9JQ=="],
  }
}
